<?xml version="1.0" encoding="UTF-8" standalone="yes" ?>
<CodeBlocks_project_file>
	<FileVersion major="1" minor="6" />
	<Project>
		<Option title="lzma" />
		<Option pch_mode="2" />
		<Option compiler="gcc" />
		<Build>
			<Target title="Debug">
				<Option output="bin\Debug\lzma" prefix_auto="1" extension_auto="1" />
				<Option object_output="obj\Debug\" />
				<Option type="1" />
				<Option compiler="gcc" />
				<Compiler>
					<Add option="-g" />
				</Compiler>
			</Target>
			<Target title="Release">
				<Option output="bin\Release\lzma" prefix_auto="1" extension_auto="1" />
				<Option object_output="obj\Release\" />
				<Option type="1" />
				<Option compiler="gcc" />
				<Compiler>
					<Add option="-O2" />
				</Compiler>
				<Linker>
					<Add option="-s" />
				</Linker>
			</Target>
		</Build>
		<Compiler>
			<Add option="-Wall" />
			<Add option="-fexceptions" />
		</Compiler>
		<Unit filename="Alloc.c">
			<Option compilerVar="CC" />
		</Unit>
		<Unit filename="Alloc.h" />
		<Unit filename="LzFind.c">
			<Option compilerVar="CC" />
		</Unit>
		<Unit filename="LzFind.h" />
		<Unit filename="LzFindMt.c">
			<Option compilerVar="CC" />
		</Unit>
		<Unit filename="LzFindMt.h" />
		<Unit filename="LzmaDec.c">
			<Option compilerVar="CC" />
		</Unit>
		<Unit filename="LzmaDec.h" />
		<Unit filename="LzmaEnc.c">
			<Option compilerVar="CC" />
		</Unit>
		<Unit filename="LzmaEnc.h" />
		<Unit filename="LzmaLib.c">
			<Option compilerVar="CC" />
		</Unit>
		<Unit filename="LzmaLib.h" />
		<Unit filename="Threads.c">
			<Option compilerVar="CC" />
		</Unit>
		<Unit filename="Threads.h" />
		<Unit filename="Types.h" />
		<Unit filename="main.cpp" />
		<Extensions>
			<code_completion />
			<debugger />
		</Extensions>
	</Project>
</CodeBlocks_project_file>
